
Microsoft Visual Studio Solution File, Format Version 12.00
# Visual Studio 2015
Project("{FAE04EC0-301F-11D3-BF4B-00C04F79EFBC}") = "ooxx.CSharp", "ooxx.CSharp.csproj", "{EBDDB6E3-DF84-5651-FF49-02BB27FD165B}"
EndProject
Global
	GlobalSection(SolutionConfigurationPlatforms) = preSolution
		Debug|Any CPU = Debug|Any CPU
		Release|Any CPU = Release|Any CPU
	EndGlobalSection
	GlobalSection(ProjectConfigurationPlatforms) = postSolution
		{EBDDB6E3-DF84-5651-FF49-02BB27FD165B}.Debug|Any CPU.ActiveCfg = Debug|Any CPU
		{EBDDB6E3-DF84-5651-FF49-02BB27FD165B}.Debug|Any CPU.Build.0 = Debug|Any CPU
		{EBDDB6E3-DF84-5651-FF49-02BB27FD165B}.Release|Any CPU.ActiveCfg = Release|Any CPU
		{EBDDB6E3-DF84-5651-FF49-02BB27FD165B}.Release|Any CPU.Build.0 = Release|Any CPU
	EndGlobalSection
	GlobalSection(SolutionProperties) = preSolution
		HideSolutionNode = FALSE
	EndGlobalSection
EndGlobal
