
Microsoft Visual Studio Solution File, Format Version 12.00
# Visual Studio 2015
Project("{FAE04EC0-301F-11D3-BF4B-00C04F79EFBC}") = "MusicArrow.CSharp", "MusicArrow.CSharp.csproj", "{946EA0CA-0B08-903A-603E-25E41D69142A}"
EndProject
Global
	GlobalSection(SolutionConfigurationPlatforms) = preSolution
		Debug|Any CPU = Debug|Any CPU
		Release|Any CPU = Release|Any CPU
	EndGlobalSection
	GlobalSection(ProjectConfigurationPlatforms) = postSolution
		{946EA0CA-0B08-903A-603E-25E41D69142A}.Debug|Any CPU.ActiveCfg = Debug|Any CPU
		{946EA0CA-0B08-903A-603E-25E41D69142A}.Debug|Any CPU.Build.0 = Debug|Any CPU
		{946EA0CA-0B08-903A-603E-25E41D69142A}.Release|Any CPU.ActiveCfg = Release|Any CPU
		{946EA0CA-0B08-903A-603E-25E41D69142A}.Release|Any CPU.Build.0 = Release|Any CPU
	EndGlobalSection
	GlobalSection(SolutionProperties) = preSolution
		HideSolutionNode = FALSE
	EndGlobalSection
EndGlobal
